
Microsoft Visual Studio Solution File, Format Version 12.00
# Visual Studio 15
VisualStudioVersion = 15.0.27130.2010
MinimumVisualStudioVersion = 10.0.40219.1
Project("{9A19103F-16F7-4668-BE54-9A1E7A4F7556}") = "Yuki.Core.Resolver", "Resolver\Yuki.Core.Resolver.csproj", "{62EC2065-031D-4B29-8CEC-8AE93085B5DB}"
EndProject
Project("{9A19103F-16F7-4668-BE54-9A1E7A4F7556}") = "Yuki.Core.Interfaces", "Yuki.Core.Interfaces\Yuki.Core.Interfaces.csproj", "{538E0315-99DA-4C4A-8EAB-2568C28ABDDC}"
EndProject
Project("{FAE04EC0-301F-11D3-BF4B-00C04F79EFBC}") = "Yuki.Core.Implementations", "Yuki.Core.Implementations\Yuki.Core.Implementations.csproj", "{2A4CA71D-82A9-4B49-B0EC-E0AEE850A465}"
EndProject
Project("{FAE04EC0-301F-11D3-BF4B-00C04F79EFBC}") = "TestApplication", "TestApplication\TestApplication.csproj", "{E8E3A2CE-0671-4BA6-AD15-DC949DBA9907}"
EndProject
Project("{FAE04EC0-301F-11D3-BF4B-00C04F79EFBC}") = "Yuki.Core.Implementations.User", "Yuki.Core.Implementations.User\Yuki.Core.Implementations.User.csproj", "{9C963503-71D7-42B5-B05B-6901C94F90F4}"
EndProject
Global
	GlobalSection(SolutionConfigurationPlatforms) = preSolution
		Debug|Any CPU = Debug|Any CPU
		Release|Any CPU = Release|Any CPU
	EndGlobalSection
	GlobalSection(ProjectConfigurationPlatforms) = postSolution
		{62EC2065-031D-4B29-8CEC-8AE93085B5DB}.Debug|Any CPU.ActiveCfg = Debug|Any CPU
		{62EC2065-031D-4B29-8CEC-8AE93085B5DB}.Debug|Any CPU.Build.0 = Debug|Any CPU
		{62EC2065-031D-4B29-8CEC-8AE93085B5DB}.Release|Any CPU.ActiveCfg = Release|Any CPU
		{62EC2065-031D-4B29-8CEC-8AE93085B5DB}.Release|Any CPU.Build.0 = Release|Any CPU
		{538E0315-99DA-4C4A-8EAB-2568C28ABDDC}.Debug|Any CPU.ActiveCfg = Debug|Any CPU
		{538E0315-99DA-4C4A-8EAB-2568C28ABDDC}.Debug|Any CPU.Build.0 = Debug|Any CPU
		{538E0315-99DA-4C4A-8EAB-2568C28ABDDC}.Release|Any CPU.ActiveCfg = Release|Any CPU
		{538E0315-99DA-4C4A-8EAB-2568C28ABDDC}.Release|Any CPU.Build.0 = Release|Any CPU
		{2A4CA71D-82A9-4B49-B0EC-E0AEE850A465}.Debug|Any CPU.ActiveCfg = Debug|Any CPU
		{2A4CA71D-82A9-4B49-B0EC-E0AEE850A465}.Debug|Any CPU.Build.0 = Debug|Any CPU
		{2A4CA71D-82A9-4B49-B0EC-E0AEE850A465}.Release|Any CPU.ActiveCfg = Release|Any CPU
		{2A4CA71D-82A9-4B49-B0EC-E0AEE850A465}.Release|Any CPU.Build.0 = Release|Any CPU
		{E8E3A2CE-0671-4BA6-AD15-DC949DBA9907}.Debug|Any CPU.ActiveCfg = Debug|Any CPU
		{E8E3A2CE-0671-4BA6-AD15-DC949DBA9907}.Debug|Any CPU.Build.0 = Debug|Any CPU
		{E8E3A2CE-0671-4BA6-AD15-DC949DBA9907}.Release|Any CPU.ActiveCfg = Release|Any CPU
		{E8E3A2CE-0671-4BA6-AD15-DC949DBA9907}.Release|Any CPU.Build.0 = Release|Any CPU
		{9C963503-71D7-42B5-B05B-6901C94F90F4}.Debug|Any CPU.ActiveCfg = Debug|Any CPU
		{9C963503-71D7-42B5-B05B-6901C94F90F4}.Debug|Any CPU.Build.0 = Debug|Any CPU
		{9C963503-71D7-42B5-B05B-6901C94F90F4}.Release|Any CPU.ActiveCfg = Release|Any CPU
		{9C963503-71D7-42B5-B05B-6901C94F90F4}.Release|Any CPU.Build.0 = Release|Any CPU
	EndGlobalSection
	GlobalSection(SolutionProperties) = preSolution
		HideSolutionNode = FALSE
	EndGlobalSection
	GlobalSection(ExtensibilityGlobals) = postSolution
		SolutionGuid = {6D7EA3DD-C045-406B-B111-7E590151BB19}
	EndGlobalSection
EndGlobal
